{
  "name": "bleuio firebase",
  "lockfileVersion": 2,
  "requires": true,
  "packages": {
    "": {
      "dependencies": {
        "bleuio": "^1.0.3"
      }
    },
    "node_modules/bleuio": {
      "version": "1.0.3",
      "resolved": "https://registry.npmjs.org/bleuio/-/bleuio-1.0.3.tgz",
      "integrity": "sha512-daqvHJzNgdxeHp//zHqUdSp4aEmm0SS5x7eMxGzLaqnA40SQlOI/dktlGoPXr73LQ4AvwWuJZ6EJtmmxIcT49w=="
    }
  },
  "dependencies": {
    "bleuio": {
      "version": "1.0.3",
      "resolved": "https://registry.npmjs.org/bleuio/-/bleuio-1.0.3.tgz",
      "integrity": "sha512-daqvHJzNgdxeHp//zHqUdSp4aEmm0SS5x7eMxGzLaqnA40SQlOI/dktlGoPXr73LQ4AvwWuJZ6EJtmmxIcT49w=="
    }
  }
}
